
Microsoft Visual Studio Solution File, Format Version 12.00
# Visual Studio Version 17
VisualStudioVersion = 17.11.35312.102
MinimumVisualStudioVersion = 10.0.40219.1
Project("{9A19103F-16F7-4668-BE54-9A1E7A4F7556}") = "RecipeManagementApp", "RecipeManagementApp.csproj", "{C6E72767-0A53-4B3B-9DAE-E81675B67E5B}"
EndProject
Global
	GlobalSection(SolutionConfigurationPlatforms) = preSolution
		Debug|Any CPU = Debug|Any CPU
		Release|Any CPU = Release|Any CPU
	EndGlobalSection
	GlobalSection(ProjectConfigurationPlatforms) = postSolution
		{C6E72767-0A53-4B3B-9DAE-E81675B67E5B}.Debug|Any CPU.ActiveCfg = Debug|Any CPU
		{C6E72767-0A53-4B3B-9DAE-E81675B67E5B}.Debug|Any CPU.Build.0 = Debug|Any CPU
		{C6E72767-0A53-4B3B-9DAE-E81675B67E5B}.Release|Any CPU.ActiveCfg = Release|Any CPU
		{C6E72767-0A53-4B3B-9DAE-E81675B67E5B}.Release|Any CPU.Build.0 = Release|Any CPU
	EndGlobalSection
	GlobalSection(SolutionProperties) = preSolution
		HideSolutionNode = FALSE
	EndGlobalSection
	GlobalSection(ExtensibilityGlobals) = postSolution
		SolutionGuid = {C9F99887-E500-408F-9276-717ED1B60E06}
	EndGlobalSection
EndGlobal
